PODS:
  - Masonry (1.0.0)
  - YYKit (1.0.5):
    - YYKit/no-arc (= 1.0.5)
  - YYKit/no-arc (1.0.5)

DEPENDENCIES:
  - Masonry
  - YYKit

SPEC CHECKSUMS:
  Masonry: b529bb169217897b6354d4b56b1fada6d475b13d
  YYKit: f2654fe525de2283648db957bddb37ddd8e06549

PODFILE CHECKSUM: aa069fe159f5db03cbe189918ebe2b86f9ff615d

COCOAPODS: 1.0.1
