// !$*UTF8*$!
{
	archiveVersion = 1;
	classes = {
	};
	objectVersion = 46;
	objects = {

/* Begin PBXBuildFile section */
		100DCF6DBF8C5068016A4B76 /* libPods-GLBarrageTests.a in Frameworks */ = {isa = PBXBuildFile; fileRef = 9D93C2A37FA9D99C96CA8A7C /* libPods-GLBarrageTests.a */; };
		87D33AC31D20F86600CCA8F6 /* main.m in Sources */ = {isa = PBXBuildFile; fileRef = 87D33AC21D20F86600CCA8F6 /* main.m */; };
		87D33AC61D20F86600CCA8F6 /* AppDelegate.m in Sources */ = {isa = PBXBuildFile; fileRef = 87D33AC51D20F86600CCA8F6 /* AppDelegate.m */; };
		87D33ACE1D20F86600CCA8F6 /* Assets.xcassets in Resources */ = {isa = PBXBuildFile; fileRef = 87D33ACD1D20F86600CCA8F6 /* Assets.xcassets */; };
		87D33ADC1D20F86600CCA8F6 /* GLBarrageTests.m in Sources */ = {isa = PBXBuildFile; fileRef = 87D33ADB1D20F86600CCA8F6 /* GLBarrageTests.m */; };
		87D33AE71D20F86600CCA8F6 /* GLBarrageUITests.m in Sources */ = {isa = PBXBuildFile; fileRef = 87D33AE61D20F86600CCA8F6 /* GLBarrageUITests.m */; };
		87D33B091D2126EC00CCA8F6 /* ViewController.m in Sources */ = {isa = PBXBuildFile; fileRef = 87D33B081D2126EC00CCA8F6 /* ViewController.m */; };
		87D33B0C1D212CA900CCA8F6 /* BarrageView.m in Sources */ = {isa = PBXBuildFile; fileRef = 87D33B0B1D212CA900CCA8F6 /* BarrageView.m */; };
		87E3F73D1D221C2800E821E0 /* ContentViewController.m in Sources */ = {isa = PBXBuildFile; fileRef = 87E3F73C1D221C2800E821E0 /* ContentViewController.m */; };
		87E3F7431D2243BD00E821E0 /* UIView+Extension.m in Sources */ = {isa = PBXBuildFile; fileRef = 87E3F7421D2243BD00E821E0 /* UIView+Extension.m */; };
		87E3F7461D22746D00E821E0 /* BarrageTableViewCell.m in Sources */ = {isa = PBXBuildFile; fileRef = 87E3F7451D22746D00E821E0 /* BarrageTableViewCell.m */; };
		9911BC12CD718FCBFAE42D75 /* libPods-GLBarrage.a in Frameworks */ = {isa = PBXBuildFile; fileRef = 95A16DAE39F67B1F2A77673D /* libPods-GLBarrage.a */; };
		9B73766AAF1B2CEF227CF0DE /* libPods-GLBarrageUITests.a in Frameworks */ = {isa = PBXBuildFile; fileRef = 00576E0D040578B68130D770 /* libPods-GLBarrageUITests.a */; };
/* End PBXBuildFile section */

/* Begin PBXContainerItemProxy section */
		87D33AD81D20F86600CCA8F6 /* PBXContainerItemProxy */ = {
			isa = PBXContainerItemProxy;
			containerPortal = 87D33AB61D20F86600CCA8F6 /* Project object */;
			proxyType = 1;
			remoteGlobalIDString = 87D33ABD1D20F86600CCA8F6;
			remoteInfo = GLBarrage;
		};
		87D33AE31D20F86600CCA8F6 /* PBXContainerItemProxy */ = {
			isa = PBXContainerItemProxy;
			containerPortal = 87D33AB61D20F86600CCA8F6 /* Project object */;
			proxyType = 1;
			remoteGlobalIDString = 87D33ABD1D20F86600CCA8F6;
			remoteInfo = GLBarrage;
		};
/* End PBXContainerItemProxy section */

/* Begin PBXFileReference section */
		00576E0D040578B68130D770 /* libPods-GLBarrageUITests.a */ = {isa = PBXFileReference; explicitFileType = archive.ar; includeInIndex = 0; path = "libPods-GLBarrageUITests.a"; sourceTree = BUILT_PRODUCTS_DIR; };
		16105EEC170FA520F0BD7E99 /* Pods-GLBarrageTests.release.xcconfig */ = {isa = PBXFileReference; includeInIndex = 1; lastKnownFileType = text.xcconfig; name = "Pods-GLBarrageTests.release.xcconfig"; path = "Pods/Target Support Files/Pods-GLBarrageTests/Pods-GLBarrageTests.release.xcconfig"; sourceTree = "<group>"; };
		87D33ABE1D20F86600CCA8F6 /* GLBarrage.app */ = {isa = PBXFileReference; explicitFileType = wrapper.application; includeInIndex = 0; path = GLBarrage.app; sourceTree = BUILT_PRODUCTS_DIR; };
		87D33AC21D20F86600CCA8F6 /* main.m */ = {isa = PBXFileReference; lastKnownFileType = sourcecode.c.objc; path = main.m; sourceTree = "<group>"; };
		87D33AC41D20F86600CCA8F6 /* AppDelegate.h */ = {isa = PBXFileReference; lastKnownFileType = sourcecode.c.h; path = AppDelegate.h; sourceTree = "<group>"; };
		87D33AC51D20F86600CCA8F6 /* AppDelegate.m */ = {isa = PBXFileReference; lastKnownFileType = sourcecode.c.objc; path = AppDelegate.m; sourceTree = "<group>"; };
		87D33ACD1D20F86600CCA8F6 /* Assets.xcassets */ = {isa = PBXFileReference; lastKnownFileType = folder.assetcatalog; path = Assets.xcassets; sourceTree = "<group>"; };
		87D33AD21D20F86600CCA8F6 /* Info.plist */ = {isa = PBXFileReference; lastKnownFileType = text.plist.xml; path = Info.plist; sourceTree = "<group>"; };
		87D33AD71D20F86600CCA8F6 /* GLBarrageTests.xctest */ = {isa = PBXFileReference; explicitFileType = wrapper.cfbundle; includeInIndex = 0; path = GLBarrageTests.xctest; sourceTree = BUILT_PRODUCTS_DIR; };
		87D33ADB1D20F86600CCA8F6 /* GLBarrageTests.m */ = {isa = PBXFileReference; lastKnownFileType = sourcecode.c.objc; path = GLBarrageTests.m; sourceTree = "<group>"; };
		87D33ADD1D20F86600CCA8F6 /* Info.plist */ = {isa = PBXFileReference; lastKnownFileType = text.plist.xml; path = Info.plist; sourceTree = "<group>"; };
		87D33AE21D20F86600CCA8F6 /* GLBarrageUITests.xctest */ = {isa = PBXFileReference; explicitFileType = wrapper.cfbundle; includeInIndex = 0; path = GLBarrageUITests.xctest; sourceTree = BUILT_PRODUCTS_DIR; };
		87D33AE61D20F86600CCA8F6 /* GLBarrageUITests.m */ = {isa = PBXFileReference; lastKnownFileType = sourcecode.c.objc; path = GLBarrageUITests.m; sourceTree = "<group>"; };
		87D33AE81D20F86600CCA8F6 /* Info.plist */ = {isa = PBXFileReference; lastKnownFileType = text.plist.xml; path = Info.plist; sourceTree = "<group>"; };
		87D33B071D2126EC00CCA8F6 /* ViewController.h */ = {isa = PBXFileReference; fileEncoding = 4; lastKnownFileType = sourcecode.c.h; path = ViewController.h; sourceTree = "<group>"; };
		87D33B081D2126EC00CCA8F6 /* ViewController.m */ = {isa = PBXFileReference; fileEncoding = 4; lastKnownFileType = sourcecode.c.objc; path = ViewController.m; sourceTree = "<group>"; };
		87D33B0A1D212CA900CCA8F6 /* BarrageView.h */ = {isa = PBXFileReference; fileEncoding = 4; lastKnownFileType = sourcecode.c.h; path = BarrageView.h; sourceTree = "<group>"; };
		87D33B0B1D212CA900CCA8F6 /* BarrageView.m */ = {isa = PBXFileReference; fileEncoding = 4; lastKnownFileType = sourcecode.c.objc; path = BarrageView.m; sourceTree = "<group>"; };
		87E3F73B1D221C2800E821E0 /* ContentViewController.h */ = {isa = PBXFileReference; fileEncoding = 4; lastKnownFileType = sourcecode.c.h; path = ContentViewController.h; sourceTree = "<group>"; };
		87E3F73C1D221C2800E821E0 /* ContentViewController.m */ = {isa = PBXFileReference; fileEncoding = 4; lastKnownFileType = sourcecode.c.objc; path = ContentViewController.m; sourceTree = "<group>"; };
		87E3F7411D2243BD00E821E0 /* UIView+Extension.h */ = {isa = PBXFileReference; fileEncoding = 4; lastKnownFileType = sourcecode.c.h; path = "UIView+Extension.h"; sourceTree = "<group>"; };
		87E3F7421D2243BD00E821E0 /* UIView+Extension.m */ = {isa = PBXFileReference; fileEncoding = 4; lastKnownFileType = sourcecode.c.objc; path = "UIView+Extension.m"; sourceTree = "<group>"; };
		87E3F7441D22746D00E821E0 /* BarrageTableViewCell.h */ = {isa = PBXFileReference; fileEncoding = 4; lastKnownFileType = sourcecode.c.h; path = BarrageTableViewCell.h; sourceTree = "<group>"; };
		87E3F7451D22746D00E821E0 /* BarrageTableViewCell.m */ = {isa = PBXFileReference; fileEncoding = 4; lastKnownFileType = sourcecode.c.objc; path = BarrageTableViewCell.m; sourceTree = "<group>"; };
		95A16DAE39F67B1F2A77673D /* libPods-GLBarrage.a */ = {isa = PBXFileReference; explicitFileType = archive.ar; includeInIndex = 0; path = "libPods-GLBarrage.a"; sourceTree = BUILT_PRODUCTS_DIR; };
		9D93C2A37FA9D99C96CA8A7C /* libPods-GLBarrageTests.a */ = {isa = PBXFileReference; explicitFileType = archive.ar; includeInIndex = 0; path = "libPods-GLBarrageTests.a"; sourceTree = BUILT_PRODUCTS_DIR; };
		A53D9772F71BD27A440AFB8B /* Pods-GLBarrage.debug.xcconfig */ = {isa = PBXFileReference; includeInIndex = 1; lastKnownFileType = text.xcconfig; name = "Pods-GLBarrage.debug.xcconfig"; path = "Pods/Target Support Files/Pods-GLBarrage/Pods-GLBarrage.debug.xcconfig"; sourceTree = "<group>"; };
		AB899EF0BF0369067192BDDD /* Pods-GLBarrageUITests.debug.xcconfig */ = {isa = PBXFileReference; includeInIndex = 1; lastKnownFileType = text.xcconfig; name = "Pods-GLBarrageUITests.debug.xcconfig"; path = "Pods/Target Support Files/Pods-GLBarrageUITests/Pods-GLBarrageUITests.debug.xcconfig"; sourceTree = "<group>"; };
		CE255D7590F2DD75C5E449F6 /* Pods-GLBarrageTests.debug.xcconfig */ = {isa = PBXFileReference; includeInIndex = 1; lastKnownFileType = text.xcconfig; name = "Pods-GLBarrageTests.debug.xcconfig"; path = "Pods/Target Support Files/Pods-GLBarrageTests/Pods-GLBarrageTests.debug.xcconfig"; sourceTree = "<group>"; };
		E823FB92CCBB58DC8BD886D6 /* Pods-GLBarrage.release.xcconfig */ = {isa = PBXFileReference; includeInIndex = 1; lastKnownFileType = text.xcconfig; name = "Pods-GLBarrage.release.xcconfig"; path = "Pods/Target Support Files/Pods-GLBarrage/Pods-GLBarrage.release.xcconfig"; sourceTree = "<group>"; };
		F51B8F2EB6BB3F0E36B275DC /* Pods-GLBarrageUITests.release.xcconfig */ = {isa = PBXFileReference; includeInIndex = 1; lastKnownFileType = text.xcconfig; name = "Pods-GLBarrageUITests.release.xcconfig"; path = "Pods/Target Support Files/Pods-GLBarrageUITests/Pods-GLBarrageUITests.release.xcconfig"; sourceTree = "<group>"; };
/* End PBXFileReference section */

/* Begin PBXFrameworksBuildPhase section */
		87D33ABB1D20F86600CCA8F6 /* Frameworks */ = {
			isa = PBXFrameworksBuildPhase;
			buildActionMask = 2147483647;
			files = (
				9911BC12CD718FCBFAE42D75 /* libPods-GLBarrage.a in Frameworks */,
			);
			runOnlyForDeploymentPostprocessing = 0;
		};
		87D33AD41D20F86600CCA8F6 /* Frameworks */ = {
			isa = PBXFrameworksBuildPhase;
			buildActionMask = 2147483647;
			files = (
				100DCF6DBF8C5068016A4B76 /* libPods-GLBarrageTests.a in Frameworks */,
			);
			runOnlyForDeploymentPostprocessing = 0;
		};
		87D33ADF1D20F86600CCA8F6 /* Frameworks */ = {
			isa = PBXFrameworksBuildPhase;
			buildActionMask = 2147483647;
			files = (
				9B73766AAF1B2CEF227CF0DE /* libPods-GLBarrageUITests.a in Frameworks */,
			);
			runOnlyForDeploymentPostprocessing = 0;
		};
/* End PBXFrameworksBuildPhase section */

/* Begin PBXGroup section */
		59CC1DACE500CA215F55A5B1 /* Pods */ = {
			isa = PBXGroup;
			children = (
				A53D9772F71BD27A440AFB8B /* Pods-GLBarrage.debug.xcconfig */,
				E823FB92CCBB58DC8BD886D6 /* Pods-GLBarrage.release.xcconfig */,
				CE255D7590F2DD75C5E449F6 /* Pods-GLBarrageTests.debug.xcconfig */,
				16105EEC170FA520F0BD7E99 /* Pods-GLBarrageTests.release.xcconfig */,
				AB899EF0BF0369067192BDDD /* Pods-GLBarrageUITests.debug.xcconfig */,
				F51B8F2EB6BB3F0E36B275DC /* Pods-GLBarrageUITests.release.xcconfig */,
			);
			name = Pods;
			sourceTree = "<group>";
		};
		7BC9E408E8915409FF9257D7 /* Frameworks */ = {
			isa = PBXGroup;
			children = (
				95A16DAE39F67B1F2A77673D /* libPods-GLBarrage.a */,
				9D93C2A37FA9D99C96CA8A7C /* libPods-GLBarrageTests.a */,
				00576E0D040578B68130D770 /* libPods-GLBarrageUITests.a */,
			);
			name = Frameworks;
			sourceTree = "<group>";
		};
		87D33AB51D20F86600CCA8F6 = {
			isa = PBXGroup;
			children = (
				87D33AC01D20F86600CCA8F6 /* GLBarrage */,
				87D33ADA1D20F86600CCA8F6 /* GLBarrageTests */,
				87D33AE51D20F86600CCA8F6 /* GLBarrageUITests */,
				87D33ABF1D20F86600CCA8F6 /* Products */,
				59CC1DACE500CA215F55A5B1 /* Pods */,
				7BC9E408E8915409FF9257D7 /* Frameworks */,
			);
			sourceTree = "<group>";
		};
		87D33ABF1D20F86600CCA8F6 /* Products */ = {
			isa = PBXGroup;
			children = (
				87D33ABE1D20F86600CCA8F6 /* GLBarrage.app */,
				87D33AD71D20F86600CCA8F6 /* GLBarrageTests.xctest */,
				87D33AE21D20F86600CCA8F6 /* GLBarrageUITests.xctest */,
			);
			name = Products;
			sourceTree = "<group>";
		};
		87D33AC01D20F86600CCA8F6 /* GLBarrage */ = {
			isa = PBXGroup;
			children = (
				87D33AC41D20F86600CCA8F6 /* AppDelegate.h */,
				87D33AC51D20F86600CCA8F6 /* AppDelegate.m */,
				87D33B061D2126CE00CCA8F6 /* Barrage */,
				87D33B051D2126A600CCA8F6 /* Controller */,
				87D33ACD1D20F86600CCA8F6 /* Assets.xcassets */,
				87D33AD21D20F86600CCA8F6 /* Info.plist */,
				87D33AC11D20F86600CCA8F6 /* Supporting Files */,
			);
			path = GLBarrage;
			sourceTree = "<group>";
		};
		87D33AC11D20F86600CCA8F6 /* Supporting Files */ = {
			isa = PBXGroup;
			children = (
				87D33AC21D20F86600CCA8F6 /* main.m */,
			);
			name = "Supporting Files";
			sourceTree = "<group>";
		};
		87D33ADA1D20F86600CCA8F6 /* GLBarrageTests */ = {
			isa = PBXGroup;
			children = (
				87D33ADB1D20F86600CCA8F6 /* GLBarrageTests.m */,
				87D33ADD1D20F86600CCA8F6 /* Info.plist */,
			);
			path = GLBarrageTests;
			sourceTree = "<group>";
		};
		87D33AE51D20F86600CCA8F6 /* GLBarrageUITests */ = {
			isa = PBXGroup;
			children = (
				87D33AE61D20F86600CCA8F6 /* GLBarrageUITests.m */,
				87D33AE81D20F86600CCA8F6 /* Info.plist */,
			);
			path = GLBarrageUITests;
			sourceTree = "<group>";
		};
		87D33B051D2126A600CCA8F6 /* Controller */ = {
			isa = PBXGroup;
			children = (
				87D33B071D2126EC00CCA8F6 /* ViewController.h */,
				87D33B081D2126EC00CCA8F6 /* ViewController.m */,
				87E3F73B1D221C2800E821E0 /* ContentViewController.h */,
				87E3F73C1D221C2800E821E0 /* ContentViewController.m */,
			);
			path = Controller;
			sourceTree = "<group>";
		};
		87D33B061D2126CE00CCA8F6 /* Barrage */ = {
			isa = PBXGroup;
			children = (
				87D33B0A1D212CA900CCA8F6 /* BarrageView.h */,
				87D33B0B1D212CA900CCA8F6 /* BarrageView.m */,
				87E3F7411D2243BD00E821E0 /* UIView+Extension.h */,
				87E3F7421D2243BD00E821E0 /* UIView+Extension.m */,
				87E3F7441D22746D00E821E0 /* BarrageTableViewCell.h */,
				87E3F7451D22746D00E821E0 /* BarrageTableViewCell.m */,
			);
			path = Barrage;
			sourceTree = "<group>";
		};
/* End PBXGroup section */

/* Begin PBXNativeTarget section */
		87D33ABD1D20F86600CCA8F6 /* GLBarrage */ = {
			isa = PBXNativeTarget;
			buildConfigurationList = 87D33AEB1D20F86600CCA8F6 /* Build configuration list for PBXNativeTarget "GLBarrage" */;
			buildPhases = (
				CF2BA6A16E63D3F41C45B8C7 /* [CP] Check Pods Manifest.lock */,
				87D33ABA1D20F86600CCA8F6 /* Sources */,
				87D33ABB1D20F86600CCA8F6 /* Frameworks */,
				87D33ABC1D20F86600CCA8F6 /* Resources */,
				F52650B4D8B5622E756A6B3A /* [CP] Embed Pods Frameworks */,
				0099044E069EFB8C1373901A /* [CP] Copy Pods Resources */,
			);
			buildRules = (
			);
			dependencies = (
			);
			name = GLBarrage;
			productName = GLBarrage;
			productReference = 87D33ABE1D20F86600CCA8F6 /* GLBarrage.app */;
			productType = "com.apple.product-type.application";
		};
		87D33AD61D20F86600CCA8F6 /* GLBarrageTests */ = {
			isa = PBXNativeTarget;
			buildConfigurationList = 87D33AEE1D20F86600CCA8F6 /* Build configuration list for PBXNativeTarget "GLBarrageTests" */;
			buildPhases = (
				9E7FAD8DFA30553132806F4E /* [CP] Check Pods Manifest.lock */,
				87D33AD31D20F86600CCA8F6 /* Sources */,
				87D33AD41D20F86600CCA8F6 /* Frameworks */,
				87D33AD51D20F86600CCA8F6 /* Resources */,
				D88A76EE965E850783C45C23 /* [CP] Embed Pods Frameworks */,
				5A4652DCDA0304A3A6410DB2 /* [CP] Copy Pods Resources */,
			);
			buildRules = (
			);
			dependencies = (
				87D33AD91D20F86600CCA8F6 /* PBXTargetDependency */,
			);
			name = GLBarrageTests;
			productName = GLBarrageTests;
			productReference = 87D33AD71D20F86600CCA8F6 /* GLBarrageTests.xctest */;
			productType = "com.apple.product-type.bundle.unit-test";
		};
		87D33AE11D20F86600CCA8F6 /* GLBarrageUITests */ = {
			isa = PBXNativeTarget;
			buildConfigurationList = 87D33AF11D20F86600CCA8F6 /* Build configuration list for PBXNativeTarget "GLBarrageUITests" */;
			buildPhases = (
				BE98FF5CC764EFF1D4710ACC /* [CP] Check Pods Manifest.lock */,
				87D33ADE1D20F86600CCA8F6 /* Sources */,
				87D33ADF1D20F86600CCA8F6 /* Frameworks */,
				87D33AE01D20F86600CCA8F6 /* Resources */,
				FF3F11118AB4C65A63851B45 /* [CP] Copy Pods Resources */,
			);
			buildRules = (
			);
			dependencies = (
				87D33AE41D20F86600CCA8F6 /* PBXTargetDependency */,
			);
			name = GLBarrageUITests;
			productName = GLBarrageUITests;
			productReference = 87D33AE21D20F86600CCA8F6 /* GLBarrageUITests.xctest */;
			productType = "com.apple.product-type.bundle.ui-testing";
		};
/* End PBXNativeTarget section */

/* Begin PBXProject section */
		87D33AB61D20F86600CCA8F6 /* Project object */ = {
			isa = PBXProject;
			attributes = {
				LastUpgradeCheck = 0730;
				ORGANIZATIONNAME = genju;
				TargetAttributes = {
					87D33ABD1D20F86600CCA8F6 = {
						CreatedOnToolsVersion = 7.3;
					};
					87D33AD61D20F86600CCA8F6 = {
						CreatedOnToolsVersion = 7.3;
						TestTargetID = 87D33ABD1D20F86600CCA8F6;
					};
					87D33AE11D20F86600CCA8F6 = {
						CreatedOnToolsVersion = 7.3;
						TestTargetID = 87D33ABD1D20F86600CCA8F6;
					};
				};
			};
			buildConfigurationList = 87D33AB91D20F86600CCA8F6 /* Build configuration list for PBXProject "GLBarrage" */;
			compatibilityVersion = "Xcode 3.2";
			developmentRegion = English;
			hasScannedForEncodings = 0;
			knownRegions = (
				en,
				Base,
			);
			mainGroup = 87D33AB51D20F86600CCA8F6;
			productRefGroup = 87D33ABF1D20F86600CCA8F6 /* Products */;
			projectDirPath = "";
			projectRoot = "";
			targets = (
				87D33ABD1D20F86600CCA8F6 /* GLBarrage */,
				87D33AD61D20F86600CCA8F6 /* GLBarrageTests */,
				87D33AE11D20F86600CCA8F6 /* GLBarrageUITests */,
			);
		};
/* End PBXProject section */

/* Begin PBXResourcesBuildPhase section */
		87D33ABC1D20F86600CCA8F6 /* Resources */ = {
			isa = PBXResourcesBuildPhase;
			buildActionMask = 2147483647;
			files = (
				87D33ACE1D20F86600CCA8F6 /* Assets.xcassets in Resources */,
			);
			runOnlyForDeploymentPostprocessing = 0;
		};
		87D33AD51D20F86600CCA8F6 /* Resources */ = {
			isa = PBXResourcesBuildPhase;
			buildActionMask = 2147483647;
			files = (
			);
			runOnlyForDeploymentPostprocessing = 0;
		};
		87D33AE01D20F86600CCA8F6 /* Resources */ = {
			isa = PBXResourcesBuildPhase;
			buildActionMask = 2147483647;
			files = (
			);
			runOnlyForDeploymentPostprocessing = 0;
		};
/* End PBXResourcesBuildPhase section */

/* Begin PBXShellScriptBuildPhase section */
		0099044E069EFB8C1373901A /* [CP] Copy Pods Resources */ = {
			isa = PBXShellScriptBuildPhase;
			buildActionMask = 2147483647;
			files = (
			);
			inputPaths = (
			);
			name = "[CP] Copy Pods Resources";
			outputPaths = (
			);
			runOnlyForDeploymentPostprocessing = 0;
			shellPath = /bin/sh;
			shellScript = "\"${SRCROOT}/Pods/Target Support Files/Pods-GLBarrage/Pods-GLBarrage-resources.sh\"\n";
			showEnvVarsInLog = 0;
		};
		5A4652DCDA0304A3A6410DB2 /* [CP] Copy Pods Resources */ = {
			isa = PBXShellScriptBuildPhase;
			buildActionMask = 2147483647;
			files = (
			);
			inputPaths = (
			);
			name = "[CP] Copy Pods Resources";
			outputPaths = (
			);
			runOnlyForDeploymentPostprocessing = 0;
			shellPath = /bin/sh;
			shellScript = "\"${SRCROOT}/Pods/Target Support Files/Pods-GLBarrageTests/Pods-GLBarrageTests-resources.sh\"\n";
			showEnvVarsInLog = 0;
		};
		9E7FAD8DFA30553132806F4E /* [CP] Check Pods Manifest.lock */ = {
			isa = PBXShellScriptBuildPhase;
			buildActionMask = 2147483647;
			files = (
			);
			inputPaths = (
			);
			name = "[CP] Check Pods Manifest.lock";
			outputPaths = (
			);
			runOnlyForDeploymentPostprocessing = 0;
			shellPath = /bin/sh;
			shellScript = "diff \"${PODS_ROOT}/../Podfile.lock\" \"${PODS_ROOT}/Manifest.lock\" > /dev/null\nif [[ $? != 0 ]] ; then\n    cat << EOM\nerror: The sandbox is not in sync with the Podfile.lock. Run 'pod install' or update your CocoaPods installation.\nEOM\n    exit 1\nfi\n";
			showEnvVarsInLog = 0;
		};
		BE98FF5CC764EFF1D4710ACC /* [CP] Check Pods Manifest.lock */ = {
			isa = PBXShellScriptBuildPhase;
			buildActionMask = 2147483647;
			files = (
			);
			inputPaths = (
			);
			name = "[CP] Check Pods Manifest.lock";
			outputPaths = (
			);
			runOnlyForDeploymentPostprocessing = 0;
			shellPath = /bin/sh;
			shellScript = "diff \"${PODS_ROOT}/../Podfile.lock\" \"${PODS_ROOT}/Manifest.lock\" > /dev/null\nif [[ $? != 0 ]] ; then\n    cat << EOM\nerror: The sandbox is not in sync with the Podfile.lock. Run 'pod install' or update your CocoaPods installation.\nEOM\n    exit 1\nfi\n";
			showEnvVarsInLog = 0;
		};
		CF2BA6A16E63D3F41C45B8C7 /* [CP] Check Pods Manifest.lock */ = {
			isa = PBXShellScriptBuildPhase;
			buildActionMask = 2147483647;
			files = (
			);
			inputPaths = (
			);
			name = "[CP] Check Pods Manifest.lock";
			outputPaths = (
			);
			runOnlyForDeploymentPostprocessing = 0;
			shellPath = /bin/sh;
			shellScript = "diff \"${PODS_ROOT}/../Podfile.lock\" \"${PODS_ROOT}/Manifest.lock\" > /dev/null\nif [[ $? != 0 ]] ; then\n    cat << EOM\nerror: The sandbox is not in sync with the Podfile.lock. Run 'pod install' or update your CocoaPods installation.\nEOM\n    exit 1\nfi\n";
			showEnvVarsInLog = 0;
		};
		D88A76EE965E850783C45C23 /* [CP] Embed Pods Frameworks */ = {
			isa = PBXShellScriptBuildPhase;
			buildActionMask = 2147483647;
			files = (
			);
			inputPaths = (
			);
			name = "[CP] Embed Pods Frameworks";
			outputPaths = (
			);
			runOnlyForDeploymentPostprocessing = 0;
			shellPath = /bin/sh;
			shellScript = "\"${SRCROOT}/Pods/Target Support Files/Pods-GLBarrageTests/Pods-GLBarrageTests-frameworks.sh\"\n";
			showEnvVarsInLog = 0;
		};
		F52650B4D8B5622E756A6B3A /* [CP] Embed Pods Frameworks */ = {
			isa = PBXShellScriptBuildPhase;
			buildActionMask = 2147483647;
			files = (
			);
			inputPaths = (
			);
			name = "[CP] Embed Pods Frameworks";
			outputPaths = (
			);
			runOnlyForDeploymentPostprocessing = 0;
			shellPath = /bin/sh;
			shellScript = "\"${SRCROOT}/Pods/Target Support Files/Pods-GLBarrage/Pods-GLBarrage-frameworks.sh\"\n";
			showEnvVarsInLog = 0;
		};
		FF3F11118AB4C65A63851B45 /* [CP] Copy Pods Resources */ = {
			isa = PBXShellScriptBuildPhase;
			buildActionMask = 2147483647;
			files = (
			);
			inputPaths = (
			);
			name = "[CP] Copy Pods Resources";
			outputPaths = (
			);
			runOnlyForDeploymentPostprocessing = 0;
			shellPath = /bin/sh;
			shellScript = "\"${SRCROOT}/Pods/Target Support Files/Pods-GLBarrageUITests/Pods-GLBarrageUITests-resources.sh\"\n";
			showEnvVarsInLog = 0;
		};
/* End PBXShellScriptBuildPhase section */

/* Begin PBXSourcesBuildPhase section */
		87D33ABA1D20F86600CCA8F6 /* Sources */ = {
			isa = PBXSourcesBuildPhase;
			buildActionMask = 2147483647;
			files = (
				87E3F7431D2243BD00E821E0 /* UIView+Extension.m in Sources */,
				87D33AC61D20F86600CCA8F6 /* AppDelegate.m in Sources */,
				87E3F7461D22746D00E821E0 /* BarrageTableViewCell.m in Sources */,
				87E3F73D1D221C2800E821E0 /* ContentViewController.m in Sources */,
				87D33B091D2126EC00CCA8F6 /* ViewController.m in Sources */,
				87D33AC31D20F86600CCA8F6 /* main.m in Sources */,
				87D33B0C1D212CA900CCA8F6 /* BarrageView.m in Sources */,
			);
			runOnlyForDeploymentPostprocessing = 0;
		};
		87D33AD31D20F86600CCA8F6 /* Sources */ = {
			isa = PBXSourcesBuildPhase;
			buildActionMask = 2147483647;
			files = (
				87D33ADC1D20F86600CCA8F6 /* GLBarrageTests.m in Sources */,
			);
			runOnlyForDeploymentPostprocessing = 0;
		};
		87D33ADE1D20F86600CCA8F6 /* Sources */ = {
			isa = PBXSourcesBuildPhase;
			buildActionMask = 2147483647;
			files = (
				87D33AE71D20F86600CCA8F6 /* GLBarrageUITests.m in Sources */,
			);
			runOnlyForDeploymentPostprocessing = 0;
		};
/* End PBXSourcesBuildPhase section */

/* Begin PBXTargetDependency section */
		87D33AD91D20F86600CCA8F6 /* PBXTargetDependency */ = {
			isa = PBXTargetDependency;
			target = 87D33ABD1D20F86600CCA8F6 /* GLBarrage */;
			targetProxy = 87D33AD81D20F86600CCA8F6 /* PBXContainerItemProxy */;
		};
		87D33AE41D20F86600CCA8F6 /* PBXTargetDependency */ = {
			isa = PBXTargetDependency;
			target = 87D33ABD1D20F86600CCA8F6 /* GLBarrage */;
			targetProxy = 87D33AE31D20F86600CCA8F6 /* PBXContainerItemProxy */;
		};
/* End PBXTargetDependency section */

/* Begin XCBuildConfiguration section */
		87D33AE91D20F86600CCA8F6 /* Debug */ = {
			isa = XCBuildConfiguration;
			buildSettings = {
				ALWAYS_SEARCH_USER_PATHS = NO;
				CLANG_ANALYZER_NONNULL = YES;
				CLANG_CXX_LANGUAGE_STANDARD = "gnu++0x";
				CLANG_CXX_LIBRARY = "libc++";
				CLANG_ENABLE_MODULES = YES;
				CLANG_ENABLE_OBJC_ARC = YES;
				CLANG_WARN_BOOL_CONVERSION = YES;
				CLANG_WARN_CONSTANT_CONVERSION = YES;
				CLANG_WARN_DIRECT_OBJC_ISA_USAGE = YES_ERROR;
				CLANG_WARN_EMPTY_BODY = YES;
				CLANG_WARN_ENUM_CONVERSION = YES;
				CLANG_WARN_INT_CONVERSION = YES;
				CLANG_WARN_OBJC_ROOT_CLASS = YES_ERROR;
				CLANG_WARN_UNREACHABLE_CODE = YES;
				CLANG_WARN__DUPLICATE_METHOD_MATCH = YES;
				"CODE_SIGN_IDENTITY[sdk=iphoneos*]" = "iPhone Developer";
				COPY_PHASE_STRIP = NO;
				DEBUG_INFORMATION_FORMAT = dwarf;
				ENABLE_STRICT_OBJC_MSGSEND = YES;
				ENABLE_TESTABILITY = YES;
				GCC_C_LANGUAGE_STANDARD = gnu99;
				GCC_DYNAMIC_NO_PIC = NO;
				GCC_NO_COMMON_BLOCKS = YES;
				GCC_OPTIMIZATION_LEVEL = 0;
				GCC_PREPROCESSOR_DEFINITIONS = (
					"DEBUG=1",
					"$(inherited)",
				);
				GCC_WARN_64_TO_32_BIT_CONVERSION = YES;
				GCC_WARN_ABOUT_RETURN_TYPE = YES_ERROR;
				GCC_WARN_UNDECLARED_SELECTOR = YES;
				GCC_WARN_UNINITIALIZED_AUTOS = YES_AGGRESSIVE;
				GCC_WARN_UNUSED_FUNCTION = YES;
				GCC_WARN_UNUSED_VARIABLE = YES;
				IPHONEOS_DEPLOYMENT_TARGET = 9.3;
				MTL_ENABLE_DEBUG_INFO = YES;
				ONLY_ACTIVE_ARCH = YES;
				SDKROOT = iphoneos;
				TARGETED_DEVICE_FAMILY = "1,2";
			};
			name = Debug;
		};
		87D33AEA1D20F86600CCA8F6 /* Release */ = {
			isa = XCBuildConfiguration;
			buildSettings = {
				ALWAYS_SEARCH_USER_PATHS = NO;
				CLANG_ANALYZER_NONNULL = YES;
				CLANG_CXX_LANGUAGE_STANDARD = "gnu++0x";
				CLANG_CXX_LIBRARY = "libc++";
				CLANG_ENABLE_MODULES = YES;
				CLANG_ENABLE_OBJC_ARC = YES;
				CLANG_WARN_BOOL_CONVERSION = YES;
				CLANG_WARN_CONSTANT_CONVERSION = YES;
				CLANG_WARN_DIRECT_OBJC_ISA_USAGE = YES_ERROR;
				CLANG_WARN_EMPTY_BODY = YES;
				CLANG_WARN_ENUM_CONVERSION = YES;
				CLANG_WARN_INT_CONVERSION = YES;
				CLANG_WARN_OBJC_ROOT_CLASS = YES_ERROR;
				CLANG_WARN_UNREACHABLE_CODE = YES;
				CLANG_WARN__DUPLICATE_METHOD_MATCH = YES;
				"CODE_SIGN_IDENTITY[sdk=iphoneos*]" = "iPhone Developer";
				COPY_PHASE_STRIP = NO;
				DEBUG_INFORMATION_FORMAT = "dwarf-with-dsym";
				ENABLE_NS_ASSERTIONS = NO;
				ENABLE_STRICT_OBJC_MSGSEND = YES;
				GCC_C_LANGUAGE_STANDARD = gnu99;
				GCC_NO_COMMON_BLOCKS = YES;
				GCC_WARN_64_TO_32_BIT_CONVERSION = YES;
				GCC_WARN_ABOUT_RETURN_TYPE = YES_ERROR;
				GCC_WARN_UNDECLARED_SELECTOR = YES;
				GCC_WARN_UNINITIALIZED_AUTOS = YES_AGGRESSIVE;
				GCC_WARN_UNUSED_FUNCTION = YES;
				GCC_WARN_UNUSED_VARIABLE = YES;
				IPHONEOS_DEPLOYMENT_TARGET = 9.3;
				MTL_ENABLE_DEBUG_INFO = NO;
				SDKROOT = iphoneos;
				TARGETED_DEVICE_FAMILY = "1,2";
				VALIDATE_PRODUCT = YES;
			};
			name = Release;
		};
		87D33AEC1D20F86600CCA8F6 /* Debug */ = {
			isa = XCBuildConfiguration;
			baseConfigurationReference = A53D9772F71BD27A440AFB8B /* Pods-GLBarrage.debug.xcconfig */;
			buildSettings = {
				ASSETCATALOG_COMPILER_APPICON_NAME = AppIcon;
				ASSETCATALOG_COMPILER_LAUNCHIMAGE_NAME = LaunchImage;
				INFOPLIST_FILE = GLBarrage/Info.plist;
				LD_RUNPATH_SEARCH_PATHS = "$(inherited) @executable_path/Frameworks";
				PRODUCT_BUNDLE_IDENTIFIER = com.genju.66yxq.GLBarrage;
				PRODUCT_NAME = "$(TARGET_NAME)";
			};
			name = Debug;
		};
		87D33AED1D20F86600CCA8F6 /* Release */ = {
			isa = XCBuildConfiguration;
			baseConfigurationReference = E823FB92CCBB58DC8BD886D6 /* Pods-GLBarrage.release.xcconfig */;
			buildSettings = {
				ASSETCATALOG_COMPILER_APPICON_NAME = AppIcon;
				ASSETCATALOG_COMPILER_LAUNCHIMAGE_NAME = LaunchImage;
				INFOPLIST_FILE = GLBarrage/Info.plist;
				LD_RUNPATH_SEARCH_PATHS = "$(inherited) @executable_path/Frameworks";
				PRODUCT_BUNDLE_IDENTIFIER = com.genju.66yxq.GLBarrage;
				PRODUCT_NAME = "$(TARGET_NAME)";
			};
			name = Release;
		};
		87D33AEF1D20F86600CCA8F6 /* Debug */ = {
			isa = XCBuildConfiguration;
			baseConfigurationReference = CE255D7590F2DD75C5E449F6 /* Pods-GLBarrageTests.debug.xcconfig */;
			buildSettings = {
				BUNDLE_LOADER = "$(TEST_HOST)";
				INFOPLIST_FILE = GLBarrageTests/Info.plist;
				LD_RUNPATH_SEARCH_PATHS = "$(inherited) @executable_path/Frameworks @loader_path/Frameworks";
				PRODUCT_BUNDLE_IDENTIFIER = com.genju.66yxq.GLBarrageTests;
				PRODUCT_NAME = "$(TARGET_NAME)";
				TEST_HOST = "$(BUILT_PRODUCTS_DIR)/GLBarrage.app/GLBarrage";
			};
			name = Debug;
		};
		87D33AF01D20F86600CCA8F6 /* Release */ = {
			isa = XCBuildConfiguration;
			baseConfigurationReference = 16105EEC170FA520F0BD7E99 /* Pods-GLBarrageTests.release.xcconfig */;
			buildSettings = {
				BUNDLE_LOADER = "$(TEST_HOST)";
				INFOPLIST_FILE = GLBarrageTests/Info.plist;
				LD_RUNPATH_SEARCH_PATHS = "$(inherited) @executable_path/Frameworks @loader_path/Frameworks";
				PRODUCT_BUNDLE_IDENTIFIER = com.genju.66yxq.GLBarrageTests;
				PRODUCT_NAME = "$(TARGET_NAME)";
				TEST_HOST = "$(BUILT_PRODUCTS_DIR)/GLBarrage.app/GLBarrage";
			};
			name = Release;
		};
		87D33AF21D20F86600CCA8F6 /* Debug */ = {
			isa = XCBuildConfiguration;
			baseConfigurationReference = AB899EF0BF0369067192BDDD /* Pods-GLBarrageUITests.debug.xcconfig */;
			buildSettings = {
				INFOPLIST_FILE = GLBarrageUITests/Info.plist;
				LD_RUNPATH_SEARCH_PATHS = "$(inherited) @executable_path/Frameworks @loader_path/Frameworks";
				PRODUCT_BUNDLE_IDENTIFIER = com.genju.66yxq.GLBarrageUITests;
				PRODUCT_NAME = "$(TARGET_NAME)";
				TEST_TARGET_NAME = GLBarrage;
			};
			name = Debug;
		};
		87D33AF31D20F86600CCA8F6 /* Release */ = {
			isa = XCBuildConfiguration;
			baseConfigurationReference = F51B8F2EB6BB3F0E36B275DC /* Pods-GLBarrageUITests.release.xcconfig */;
			buildSettings = {
				INFOPLIST_FILE = GLBarrageUITests/Info.plist;
				LD_RUNPATH_SEARCH_PATHS = "$(inherited) @executable_path/Frameworks @loader_path/Frameworks";
				PRODUCT_BUNDLE_IDENTIFIER = com.genju.66yxq.GLBarrageUITests;
				PRODUCT_NAME = "$(TARGET_NAME)";
				TEST_TARGET_NAME = GLBarrage;
			};
			name = Release;
		};
/* End XCBuildConfiguration section */

/* Begin XCConfigurationList section */
		87D33AB91D20F86600CCA8F6 /* Build configuration list for PBXProject "GLBarrage" */ = {
			isa = XCConfigurationList;
			buildConfigurations = (
				87D33AE91D20F86600CCA8F6 /* Debug */,
				87D33AEA1D20F86600CCA8F6 /* Release */,
			);
			defaultConfigurationIsVisible = 0;
			defaultConfigurationName = Release;
		};
		87D33AEB1D20F86600CCA8F6 /* Build configuration list for PBXNativeTarget "GLBarrage" */ = {
			isa = XCConfigurationList;
			buildConfigurations = (
				87D33AEC1D20F86600CCA8F6 /* Debug */,
				87D33AED1D20F86600CCA8F6 /* Release */,
			);
			defaultConfigurationIsVisible = 0;
			defaultConfigurationName = Release;
		};
		87D33AEE1D20F86600CCA8F6 /* Build configuration list for PBXNativeTarget "GLBarrageTests" */ = {
			isa = XCConfigurationList;
			buildConfigurations = (
				87D33AEF1D20F86600CCA8F6 /* Debug */,
				87D33AF01D20F86600CCA8F6 /* Release */,
			);
			defaultConfigurationIsVisible = 0;
			defaultConfigurationName = Release;
		};
		87D33AF11D20F86600CCA8F6 /* Build configuration list for PBXNativeTarget "GLBarrageUITests" */ = {
			isa = XCConfigurationList;
			buildConfigurations = (
				87D33AF21D20F86600CCA8F6 /* Debug */,
				87D33AF31D20F86600CCA8F6 /* Release */,
			);
			defaultConfigurationIsVisible = 0;
			defaultConfigurationName = Release;
		};
/* End XCConfigurationList section */
	};
	rootObject = 87D33AB61D20F86600CCA8F6 /* Project object */;
}
